
Microsoft Visual Studio Solution File, Format Version 12.00
# Visual Studio 15
VisualStudioVersion = 15.0.28307.168
MinimumVisualStudioVersion = 10.0.40219.1
Project("{FAE04EC0-301F-11D3-BF4B-00C04F79EFBC}") = "Wyzwanie", "Wyzwanie\Wyzwanie.csproj", "{4B504BC2-9155-4CC7-A93C-18E697A84330}"
EndProject
Global
	GlobalSection(SolutionConfigurationPlatforms) = preSolution
		Debug|Any CPU = Debug|Any CPU
		Release|Any CPU = Release|Any CPU
	EndGlobalSection
	GlobalSection(ProjectConfigurationPlatforms) = postSolution
		{4B504BC2-9155-4CC7-A93C-18E697A84330}.Debug|Any CPU.ActiveCfg = Debug|Any CPU
		{4B504BC2-9155-4CC7-A93C-18E697A84330}.Debug|Any CPU.Build.0 = Debug|Any CPU
		{4B504BC2-9155-4CC7-A93C-18E697A84330}.Release|Any CPU.ActiveCfg = Release|Any CPU
		{4B504BC2-9155-4CC7-A93C-18E697A84330}.Release|Any CPU.Build.0 = Release|Any CPU
	EndGlobalSection
	GlobalSection(SolutionProperties) = preSolution
		HideSolutionNode = FALSE
	EndGlobalSection
	GlobalSection(ExtensibilityGlobals) = postSolution
		SolutionGuid = {58F302E3-91CA-44C2-98B3-ED313D57077E}
	EndGlobalSection
EndGlobal
